dependencies:
- name: kubee
  repository: file://../kubee
  version: 0.0.1
- name: kubee-cert-manager
  repository: file://../cert-manager
  version: 0.0.1
- name: kubee-traefik
  repository: file://../traefik
  version: 0.0.1
digest: sha256:ab42f5aad5b6bf456e17c6ad3de8d20614428d9f0ea7a97f6bb32ef9cb92c274
generated: "2025-02-10T22:05:08.750042514+01:00"
