dependencies:
- name: kubernetes-dashboard
  repository: https://kubernetes.github.io/dashboard/
  version: 7.10.0
- name: kube-x
  repository: file://../kube-x
  version: 0.0.1
digest: sha256:3561bbe11d7d1e5dfc7af92c556fe6cfedbd78931a506accfeb0d6f5c4ca914b
generated: "2024-12-13T00:29:32.163335419+01:00"
