dependencies:
- name: kubernetes-dashboard
  repository: https://kubernetes.github.io/dashboard/
  version: 7.10.0
- name: kube-x
  repository: file://../kube-x
  version: 0.0.1
digest: sha256:87de20cf8d5d81ebe1ac1d9608c22491d519da9f1db0db5ef8115155701d96d3
generated: "2024-12-11T21:29:31.86881085+01:00"
