dependencies:
- name: kubernetes-dashboard
  repository: https://kubernetes.github.io/dashboard/
  version: 7.10.3
- name: kubee
  repository: file://../kubee
  version: 0.0.1
- name: kubee-cert-manager
  repository: file://../cert-manager
  version: 0.0.1
digest: sha256:0fddeaa7ca43e2edf9b5894f8f9ed9af0b1e037c6b546339badda186effacf32
generated: "2025-02-11T10:38:49.098704308+01:00"
