dependencies:
- name: kube-x
  repository: file://../kube-x
  version: 0.0.1
- name: kube-x-cert-manager
  repository: file://../cert-manager
  version: 0.0.1
- name: kube-x-grafana
  repository: file://../grafana
  version: 0.0.1
- name: kube-x-external-secrets
  repository: file://../external-secrets
  version: 0.0.1
- name: kube-x-alertmanager
  repository: file://../alertmanager
  version: 0.0.1
- name: kube-x-prometheus-crds
  repository: file://../prometheus-crds
  version: 0.0.1
digest: sha256:d7fcf254097f2933f5678b3be3d8dbf33cd96a2110b55f051565d27b458fd7e6
generated: "2025-01-26T22:45:41.538306005+01:00"
