dependencies:
- name: kubee
  repository: file://../kubee
  version: 0.0.1
- name: kubee-cert-manager
  repository: file://../cert-manager
  version: 0.0.1
- name: kubee-grafana
  repository: file://../grafana
  version: 0.0.1
- name: kubee-external-secrets
  repository: file://../external-secrets
  version: 0.0.1
- name: kubee-alertmanager
  repository: file://../alertmanager
  version: 0.0.1
- name: kubee-traefik
  repository: file://../traefik
  version: 0.0.1
- name: kubee-prometheus-crds
  repository: file://../prometheus-crds
  version: 0.0.1
digest: sha256:9ca0653817616576b0cf7d9a293b7b31cd0b8d5149c18057ff0ef5761650941b
generated: "2025-02-10T21:11:35.549631494+01:00"
