dependencies:
- name: kube-x
  repository: file://../kube-x
  version: 0.0.1
- name: kube-x-cert-manager
  repository: file://../cert-manager
  version: 0.0.1
- name: kube-x-grafana
  repository: file://../grafana
  version: 0.0.1
- name: kube-x-external-secrets
  repository: file://../external-secrets
  version: 0.0.1
- name: kube-x-alertmanager
  repository: file://../alertmanager
  version: 0.0.1
- name: kube-x-prometheus-crds
  repository: file://../prometheus-crds
  version: 0.0.1
digest: sha256:7571ed9cfe9420433f0c001fafad5023f3e2b25da9e72deb5b7f05052aa02523
generated: "2025-01-27T12:51:30.885203037+01:00"
