dependencies:
- name: kube-x
  repository: file://../kube-x
  version: 0.0.1
- name: kube-x-cert-manager
  repository: file://../cert-manager
  version: 0.0.1
- name: kube-x-grafana
  repository: file://../grafana
  version: 0.0.1
digest: sha256:b096ad1cef878fbedf7e0fa96d52477edb4cb6933451272c7e0a1aebc5dbea2c
generated: "2025-01-26T14:10:44.033897938+01:00"
