dependencies:
- name: kubee
  repository: file://../kubee
  version: 0.0.1
- name: kubee-cert-manager
  repository: file://../cert-manager
  version: 0.0.1
- name: kubee-grafana
  repository: file://../grafana
  version: 0.0.1
- name: kubee-prometheus
  repository: file://../prometheus
  version: 0.0.1
- name: kubee-external-secrets
  repository: file://../external-secrets
  version: 0.0.1
digest: sha256:1acb28162b4c9d0867a798fdcf5bacf817829f33b798f38c123603bca24cf572
generated: "2025-01-26T18:35:57.529651386+01:00"
