dependencies:
- name: kubee
  repository: file://../kubee
  version: 0.0.1
- name: kubee-cert-manager
  repository: file://../cert-manager
  version: 0.0.1
- name: kubee-grafana
  repository: file://../grafana
  version: 0.0.1
- name: kubee-prometheus
  repository: file://../prometheus
  version: 0.0.1
- name: kubee-external-secrets
  repository: file://../external-secrets
  version: 0.0.1
digest: sha256:2db92780a7bf5d8ed3c09b89df9ba44a8eb80b629f5e160db12a32cf16cd1a04
generated: "2025-02-10T15:17:00.9692024+01:00"
