dependencies:
- name: mariadb-operator
  repository: https://helm.mariadb.com/mariadb-operator
  version: 0.37.1
- name: kubee-cluster
  repository: file://../cluster
  version: 0.0.1
- name: kubee-prometheus
  repository: file://../prometheus
  version: 0.0.1
- name: kubee-cert-manager
  repository: file://../cert-manager
  version: 0.0.1
digest: sha256:d1292d54ecb0d0255314fe2bf03828e97d80cd24eb94f7239b9ee6f55f943daf
generated: "2025-03-02T13:40:54.278211587+01:00"
