dependencies:
- name: kubee
  repository: file://../kubee
  version: 0.0.1
- name: kubee-grafana
  repository: file://../grafana
  version: 0.0.1
- name: kubee-prometheus
  repository: file://../prometheus
  version: 0.0.1
digest: sha256:d6311e2d22ad6f29e5d05a4d3d71797ccf58848a8c52743d446b229f4da31f0e
generated: "2025-02-05T17:47:06.059070305+01:00"
