dependencies:
- name: cert-manager
  repository: https://charts.jetstack.io
  version: v1.16.2
- name: kubee
  repository: file://../kubee
  version: 0.0.1
- name: kubee-grafana
  repository: file://../grafana
  version: 0.0.1
- name: kubee-prometheus
  repository: file://../prometheus
  version: 0.0.1
digest: sha256:65e3a6f4ef7bfbff4dcb2ef40257c2474c87c95e254eee00df0c90369aafd69d
generated: "2025-01-30T10:13:09.636519942+01:00"
