dependencies:
- name: traefik
  repository: https://traefik.github.io/charts
  version: 33.1.0
- name: kubee
  repository: file://../kubee
  version: 0.0.1
- name: kubee-grafana
  repository: file://../grafana
  version: 0.0.1
- name: kubee-prometheus
  repository: file://../prometheus
  version: 0.0.1
digest: sha256:16b1540cfae740ab6a4f6b608be2f3a95699a3e5e794bf544d27185ae40bed52
generated: "2025-02-10T11:10:15.950552517+01:00"
