dependencies:
- name: traefik
  repository: https://traefik.github.io/charts
  version: 34.3.0
- name: kubee-cluster
  repository: file://../cluster
  version: 0.0.1
- name: kubee-grafana
  repository: file://../grafana
  version: 0.0.1
- name: kubee-prometheus
  repository: file://../prometheus
  version: 0.0.1
digest: sha256:3ebe6467149d88437f12ec75f364f825b6787dab6808001c74076c83d4c66866
generated: "2025-02-10T15:06:26.317925523+01:00"
