dependencies:
- name: grafana-operator
  repository: oci://ghcr.io/grafana/helm-charts
  version: v5.16.0
- name: kubee
  repository: file://../kubee
  version: 0.0.1
- name: kubee-prometheus
  repository: file://../prometheus
  version: 0.0.1
- name: kubee-cert-manager
  repository: file://../cert-manager
  version: 0.0.1
digest: sha256:a763f2d1aa3b8344fad29dea3e0ee7c46b296e4f53d6d89f604c1fe1d70c68d7
generated: "2025-01-25T23:14:30.58206333+01:00"
