dependencies:
- name: grafana-operator
  repository: oci://ghcr.io/grafana/helm-charts
  version: v5.16.0
- name: kubee
  repository: file://../kubee
  version: 0.0.1
- name: kubee-prometheus
  repository: file://../prometheus
  version: 0.0.1
- name: kubee-cert-manager
  repository: file://../cert-manager
  version: 0.0.1
digest: sha256:63893c5339737b2999de9d1a42c7cac8f6519da494e92b90c07c5fe9f3f64d68
generated: "2025-02-07T17:54:18.621595171+01:00"
