dependencies:
- name: kubee
  repository: file://../../charts/kubee
  version: 0.0.1
- name: kubee-cert-manager
  repository: file://../cert-manager
  version: 0.0.1
- name: kubee-grafana
  repository: file://../grafana
  version: 0.0.1
- name: kubee-external-secrets
  repository: file://../external-secrets
  version: 0.0.1
- name: kubee-prometheus
  repository: file://../prometheus
  version: 0.0.1
- name: kubee-traefik
  repository: file://../traefik
  version: 0.0.1
digest: sha256:d32a6b18c337184c20b69c5984e39ec568a195d799e3547eaac0ffdb24582cec
generated: "2025-02-10T21:59:23.01822964+01:00"
