dependencies:
- name: kube-x
  repository: file://../../charts/kube-x
  version: 0.0.1
- name: kube-x-cert-manager
  repository: file://../cert-manager
  version: 0.0.1
- name: kube-x-grafana
  repository: file://../grafana
  version: 0.0.1
- name: kube-x-external-secrets
  repository: file://../external-secrets
  version: 0.0.1
- name: kube-x-prometheus
  repository: file://../prometheus
  version: 0.0.1
digest: sha256:52a397f052bdf4dc40a76d43ce8f00ac47d2800a09097b7331bdb1e3235d6d38
generated: "2025-01-27T13:49:15.488705171+01:00"
