dependencies:
- name: kubee
  repository: file://../../charts/kubee
  version: 0.0.1
- name: kubee-cert-manager
  repository: file://../cert-manager
  version: 0.0.1
- name: kubee-grafana
  repository: file://../grafana
  version: 0.0.1
- name: kubee-external-secrets
  repository: file://../external-secrets
  version: 0.0.1
- name: kubee-prometheus
  repository: file://../prometheus
  version: 0.0.1
digest: sha256:e90950e393633a37fe9a9a010526bf79572f99ba1d460b05be489cb037afd26e
generated: "2025-02-07T15:31:33.880658203+01:00"
